
Microsoft Visual Studio Solution File, Format Version 12.00
# Visual Studio Version 16
VisualStudioVersion = 16.0.30717.126
MinimumVisualStudioVersion = 10.0.40219.1
Project("{8BC9CEB8-8B4A-11D0-8D11-00A0C91BC942}") = "SM15162", "SM15162.vcxproj", "{D2347B7E-EAA5-488D-8447-6C67C5FE357D}"
EndProject
Global
	GlobalSection(SolutionConfigurationPlatforms) = preSolution
		Debug|x64 = Debug|x64
		Debug|x86 = Debug|x86
		Release|x64 = Release|x64
		Release|x86 = Release|x86
	EndGlobalSection
	GlobalSection(ProjectConfigurationPlatforms) = postSolution
		{D2347B7E-EAA5-488D-8447-6C67C5FE357D}.Debug|x64.ActiveCfg = Debug|x64
		{D2347B7E-EAA5-488D-8447-6C67C5FE357D}.Debug|x64.Build.0 = Debug|x64
		{D2347B7E-EAA5-488D-8447-6C67C5FE357D}.Debug|x86.ActiveCfg = Debug|Win32
		{D2347B7E-EAA5-488D-8447-6C67C5FE357D}.Debug|x86.Build.0 = Debug|Win32
		{D2347B7E-EAA5-488D-8447-6C67C5FE357D}.Release|x64.ActiveCfg = Release|x64
		{D2347B7E-EAA5-488D-8447-6C67C5FE357D}.Release|x64.Build.0 = Release|x64
		{D2347B7E-EAA5-488D-8447-6C67C5FE357D}.Release|x86.ActiveCfg = Release|Win32
		{D2347B7E-EAA5-488D-8447-6C67C5FE357D}.Release|x86.Build.0 = Release|Win32
	EndGlobalSection
	GlobalSection(SolutionProperties) = preSolution
		HideSolutionNode = FALSE
	EndGlobalSection
	GlobalSection(ExtensibilityGlobals) = postSolution
		SolutionGuid = {DE1288D4-BCDF-4741-B7E1-FBCBB5E6DCCD}
	EndGlobalSection
EndGlobal
